
Microsoft Visual Studio Solution File, Format Version 12.00
Project("{FAE04EC0-301F-11D3-BF4B-00C04F79EFBC}") = "SIZ.Control", "SIZ.Control\SIZ.Control.csproj", "{C7E15A58-48A3-4BE9-8E5A-81430391201A}"
EndProject
Project("{2150E333-8FDC-42A3-9474-1A3956D46DE8}") = "Solution Items", "Solution Items", "{AA8AEA0E-9125-47F1-B597-8E2C62D230E9}"
	ProjectSection(SolutionItems) = preProject
		compose.yaml = compose.yaml
	EndProjectSection
EndProject
Project("{2150E333-8FDC-42A3-9474-1A3956D46DE8}") = "SIZ.Services", "SIZ.Services", "{6026A6A9-CDFA-22C8-FDC9-9B4976B41B8C}"
EndProject
Project("{FAE04EC0-301F-11D3-BF4B-00C04F79EFBC}") = "SIZ.ApiGateway", "SIZ.Services\SIZ.ApiGateway\SIZ.ApiGateway.csproj", "{8A91F96D-D930-4BA2-BA48-D2611DC6735F}"
EndProject
Project("{FAE04EC0-301F-11D3-BF4B-00C04F79EFBC}") = "SIZ.IdentityService", "SIZ.Services\SIZ.IdentityService\SIZ.IdentityService.csproj", "{B72A5EAD-7C84-4AAC-B062-70932F45A57A}"
EndProject
Project("{FAE04EC0-301F-11D3-BF4B-00C04F79EFBC}") = "SIZ.InventoryService", "SIZ.Services\SIZ.InventoryService\SIZ.InventoryService.csproj", "{8E32B448-4C51-42C0-B64B-60D9E02B17BF}"
EndProject
Project("{FAE04EC0-301F-11D3-BF4B-00C04F79EFBC}") = "SIZ.OrderService", "SIZ.Services\SIZ.OrderService\SIZ.OrderService.csproj", "{8C812793-8795-4C17-B6DA-555364A362DE}"
EndProject
Project("{FAE04EC0-301F-11D3-BF4B-00C04F79EFBC}") = "SIZ.NotificationService", "SIZ.Services\SIZ.NotificationService\SIZ.NotificationService.csproj", "{77F167A8-25DB-447A-A112-8F464B5DD7A4}"
EndProject
Project("{FAE04EC0-301F-11D3-BF4B-00C04F79EFBC}") = "SIZ.Shared", "SIZ.Shared\SIZ.Shared.csproj", "{B09F42C9-EF59-4D18-A598-A3D6C16B88BF}"
EndProject
Global
	GlobalSection(SolutionConfigurationPlatforms) = preSolution
		Debug|Any CPU = Debug|Any CPU
		Debug|x64 = Debug|x64
		Debug|x86 = Debug|x86
		Release|Any CPU = Release|Any CPU
		Release|x64 = Release|x64
		Release|x86 = Release|x86
	EndGlobalSection
	GlobalSection(ProjectConfigurationPlatforms) = postSolution
		{C7E15A58-48A3-4BE9-8E5A-81430391201A}.Debug|Any CPU.ActiveCfg = Debug|Any CPU
		{C7E15A58-48A3-4BE9-8E5A-81430391201A}.Debug|Any CPU.Build.0 = Debug|Any CPU
		{C7E15A58-48A3-4BE9-8E5A-81430391201A}.Debug|x64.ActiveCfg = Debug|Any CPU
		{C7E15A58-48A3-4BE9-8E5A-81430391201A}.Debug|x64.Build.0 = Debug|Any CPU
		{C7E15A58-48A3-4BE9-8E5A-81430391201A}.Debug|x86.ActiveCfg = Debug|Any CPU
		{C7E15A58-48A3-4BE9-8E5A-81430391201A}.Debug|x86.Build.0 = Debug|Any CPU
		{C7E15A58-48A3-4BE9-8E5A-81430391201A}.Release|Any CPU.ActiveCfg = Release|Any CPU
		{C7E15A58-48A3-4BE9-8E5A-81430391201A}.Release|Any CPU.Build.0 = Release|Any CPU
		{C7E15A58-48A3-4BE9-8E5A-81430391201A}.Release|x64.ActiveCfg = Release|Any CPU
		{C7E15A58-48A3-4BE9-8E5A-81430391201A}.Release|x64.Build.0 = Release|Any CPU
		{C7E15A58-48A3-4BE9-8E5A-81430391201A}.Release|x86.ActiveCfg = Release|Any CPU
		{C7E15A58-48A3-4BE9-8E5A-81430391201A}.Release|x86.Build.0 = Release|Any CPU
		{8A91F96D-D930-4BA2-BA48-D2611DC6735F}.Debug|Any CPU.ActiveCfg = Debug|Any CPU
		{8A91F96D-D930-4BA2-BA48-D2611DC6735F}.Debug|Any CPU.Build.0 = Debug|Any CPU
		{8A91F96D-D930-4BA2-BA48-D2611DC6735F}.Debug|x64.ActiveCfg = Debug|Any CPU
		{8A91F96D-D930-4BA2-BA48-D2611DC6735F}.Debug|x64.Build.0 = Debug|Any CPU
		{8A91F96D-D930-4BA2-BA48-D2611DC6735F}.Debug|x86.ActiveCfg = Debug|Any CPU
		{8A91F96D-D930-4BA2-BA48-D2611DC6735F}.Debug|x86.Build.0 = Debug|Any CPU
		{8A91F96D-D930-4BA2-BA48-D2611DC6735F}.Release|Any CPU.ActiveCfg = Release|Any CPU
		{8A91F96D-D930-4BA2-BA48-D2611DC6735F}.Release|Any CPU.Build.0 = Release|Any CPU
		{8A91F96D-D930-4BA2-BA48-D2611DC6735F}.Release|x64.ActiveCfg = Release|Any CPU
		{8A91F96D-D930-4BA2-BA48-D2611DC6735F}.Release|x64.Build.0 = Release|Any CPU
		{8A91F96D-D930-4BA2-BA48-D2611DC6735F}.Release|x86.ActiveCfg = Release|Any CPU
		{8A91F96D-D930-4BA2-BA48-D2611DC6735F}.Release|x86.Build.0 = Release|Any CPU
		{B72A5EAD-7C84-4AAC-B062-70932F45A57A}.Debug|Any CPU.ActiveCfg = Debug|Any CPU
		{B72A5EAD-7C84-4AAC-B062-70932F45A57A}.Debug|Any CPU.Build.0 = Debug|Any CPU
		{B72A5EAD-7C84-4AAC-B062-70932F45A57A}.Debug|x64.ActiveCfg = Debug|Any CPU
		{B72A5EAD-7C84-4AAC-B062-70932F45A57A}.Debug|x64.Build.0 = Debug|Any CPU
		{B72A5EAD-7C84-4AAC-B062-70932F45A57A}.Debug|x86.ActiveCfg = Debug|Any CPU
		{B72A5EAD-7C84-4AAC-B062-70932F45A57A}.Debug|x86.Build.0 = Debug|Any CPU
		{B72A5EAD-7C84-4AAC-B062-70932F45A57A}.Release|Any CPU.ActiveCfg = Release|Any CPU
		{B72A5EAD-7C84-4AAC-B062-70932F45A57A}.Release|Any CPU.Build.0 = Release|Any CPU
		{B72A5EAD-7C84-4AAC-B062-70932F45A57A}.Release|x64.ActiveCfg = Release|Any CPU
		{B72A5EAD-7C84-4AAC-B062-70932F45A57A}.Release|x64.Build.0 = Release|Any CPU
		{B72A5EAD-7C84-4AAC-B062-70932F45A57A}.Release|x86.ActiveCfg = Release|Any CPU
		{B72A5EAD-7C84-4AAC-B062-70932F45A57A}.Release|x86.Build.0 = Release|Any CPU
		{8E32B448-4C51-42C0-B64B-60D9E02B17BF}.Debug|Any CPU.ActiveCfg = Debug|Any CPU
		{8E32B448-4C51-42C0-B64B-60D9E02B17BF}.Debug|Any CPU.Build.0 = Debug|Any CPU
		{8E32B448-4C51-42C0-B64B-60D9E02B17BF}.Debug|x64.ActiveCfg = Debug|Any CPU
		{8E32B448-4C51-42C0-B64B-60D9E02B17BF}.Debug|x64.Build.0 = Debug|Any CPU
		{8E32B448-4C51-42C0-B64B-60D9E02B17BF}.Debug|x86.ActiveCfg = Debug|Any CPU
		{8E32B448-4C51-42C0-B64B-60D9E02B17BF}.Debug|x86.Build.0 = Debug|Any CPU
		{8E32B448-4C51-42C0-B64B-60D9E02B17BF}.Release|Any CPU.ActiveCfg = Release|Any CPU
		{8E32B448-4C51-42C0-B64B-60D9E02B17BF}.Release|Any CPU.Build.0 = Release|Any CPU
		{8E32B448-4C51-42C0-B64B-60D9E02B17BF}.Release|x64.ActiveCfg = Release|Any CPU
		{8E32B448-4C51-42C0-B64B-60D9E02B17BF}.Release|x64.Build.0 = Release|Any CPU
		{8E32B448-4C51-42C0-B64B-60D9E02B17BF}.Release|x86.ActiveCfg = Release|Any CPU
		{8E32B448-4C51-42C0-B64B-60D9E02B17BF}.Release|x86.Build.0 = Release|Any CPU
		{8C812793-8795-4C17-B6DA-555364A362DE}.Debug|Any CPU.ActiveCfg = Debug|Any CPU
		{8C812793-8795-4C17-B6DA-555364A362DE}.Debug|Any CPU.Build.0 = Debug|Any CPU
		{8C812793-8795-4C17-B6DA-555364A362DE}.Debug|x64.ActiveCfg = Debug|Any CPU
		{8C812793-8795-4C17-B6DA-555364A362DE}.Debug|x64.Build.0 = Debug|Any CPU
		{8C812793-8795-4C17-B6DA-555364A362DE}.Debug|x86.ActiveCfg = Debug|Any CPU
		{8C812793-8795-4C17-B6DA-555364A362DE}.Debug|x86.Build.0 = Debug|Any CPU
		{8C812793-8795-4C17-B6DA-555364A362DE}.Release|Any CPU.ActiveCfg = Release|Any CPU
		{8C812793-8795-4C17-B6DA-555364A362DE}.Release|Any CPU.Build.0 = Release|Any CPU
		{8C812793-8795-4C17-B6DA-555364A362DE}.Release|x64.ActiveCfg = Release|Any CPU
		{8C812793-8795-4C17-B6DA-555364A362DE}.Release|x64.Build.0 = Release|Any CPU
		{8C812793-8795-4C17-B6DA-555364A362DE}.Release|x86.ActiveCfg = Release|Any CPU
		{8C812793-8795-4C17-B6DA-555364A362DE}.Release|x86.Build.0 = Release|Any CPU
		{77F167A8-25DB-447A-A112-8F464B5DD7A4}.Debug|Any CPU.ActiveCfg = Debug|Any CPU
		{77F167A8-25DB-447A-A112-8F464B5DD7A4}.Debug|Any CPU.Build.0 = Debug|Any CPU
		{77F167A8-25DB-447A-A112-8F464B5DD7A4}.Debug|x64.ActiveCfg = Debug|Any CPU
		{77F167A8-25DB-447A-A112-8F464B5DD7A4}.Debug|x64.Build.0 = Debug|Any CPU
		{77F167A8-25DB-447A-A112-8F464B5DD7A4}.Debug|x86.ActiveCfg = Debug|Any CPU
		{77F167A8-25DB-447A-A112-8F464B5DD7A4}.Debug|x86.Build.0 = Debug|Any CPU
		{77F167A8-25DB-447A-A112-8F464B5DD7A4}.Release|Any CPU.ActiveCfg = Release|Any CPU
		{77F167A8-25DB-447A-A112-8F464B5DD7A4}.Release|Any CPU.Build.0 = Release|Any CPU
		{77F167A8-25DB-447A-A112-8F464B5DD7A4}.Release|x64.ActiveCfg = Release|Any CPU
		{77F167A8-25DB-447A-A112-8F464B5DD7A4}.Release|x64.Build.0 = Release|Any CPU
		{77F167A8-25DB-447A-A112-8F464B5DD7A4}.Release|x86.ActiveCfg = Release|Any CPU
		{77F167A8-25DB-447A-A112-8F464B5DD7A4}.Release|x86.Build.0 = Release|Any CPU
		{B09F42C9-EF59-4D18-A598-A3D6C16B88BF}.Debug|Any CPU.ActiveCfg = Debug|Any CPU
		{B09F42C9-EF59-4D18-A598-A3D6C16B88BF}.Debug|Any CPU.Build.0 = Debug|Any CPU
		{B09F42C9-EF59-4D18-A598-A3D6C16B88BF}.Debug|x64.ActiveCfg = Debug|Any CPU
		{B09F42C9-EF59-4D18-A598-A3D6C16B88BF}.Debug|x64.Build.0 = Debug|Any CPU
		{B09F42C9-EF59-4D18-A598-A3D6C16B88BF}.Debug|x86.ActiveCfg = Debug|Any CPU
		{B09F42C9-EF59-4D18-A598-A3D6C16B88BF}.Debug|x86.Build.0 = Debug|Any CPU
		{B09F42C9-EF59-4D18-A598-A3D6C16B88BF}.Release|Any CPU.ActiveCfg = Release|Any CPU
		{B09F42C9-EF59-4D18-A598-A3D6C16B88BF}.Release|Any CPU.Build.0 = Release|Any CPU
		{B09F42C9-EF59-4D18-A598-A3D6C16B88BF}.Release|x64.ActiveCfg = Release|Any CPU
		{B09F42C9-EF59-4D18-A598-A3D6C16B88BF}.Release|x64.Build.0 = Release|Any CPU
		{B09F42C9-EF59-4D18-A598-A3D6C16B88BF}.Release|x86.ActiveCfg = Release|Any CPU
		{B09F42C9-EF59-4D18-A598-A3D6C16B88BF}.Release|x86.Build.0 = Release|Any CPU
	EndGlobalSection
	GlobalSection(SolutionProperties) = preSolution
		HideSolutionNode = FALSE
	EndGlobalSection
	GlobalSection(NestedProjects) = preSolution
		{8A91F96D-D930-4BA2-BA48-D2611DC6735F} = {6026A6A9-CDFA-22C8-FDC9-9B4976B41B8C}
		{B72A5EAD-7C84-4AAC-B062-70932F45A57A} = {6026A6A9-CDFA-22C8-FDC9-9B4976B41B8C}
		{8E32B448-4C51-42C0-B64B-60D9E02B17BF} = {6026A6A9-CDFA-22C8-FDC9-9B4976B41B8C}
		{8C812793-8795-4C17-B6DA-555364A362DE} = {6026A6A9-CDFA-22C8-FDC9-9B4976B41B8C}
		{77F167A8-25DB-447A-A112-8F464B5DD7A4} = {6026A6A9-CDFA-22C8-FDC9-9B4976B41B8C}
	EndGlobalSection
EndGlobal
